// !$*UTF8*$!
{
	archiveVersion = 1;
	classes = {
	};
	objectVersion = 48;
	objects = {

/* Begin PBXBuildFile section */
		879DBB6D1FBC291F0047DDE8 /* AppDelegate.swift in Sources */ = {isa = PBXBuildFile; fileRef = 879DBB6C1FBC291F0047DDE8 /* AppDelegate.swift */; };
		879DBB6F1FBC291F0047DDE8 /* ViewController.swift in Sources */ = {isa = PBXBuildFile; fileRef = 879DBB6E1FBC291F0047DDE8 /* ViewController.swift */; };
		879DBB721FBC291F0047DDE8 /* Main.storyboard in Resources */ = {isa = PBXBuildFile; fileRef = 879DBB701FBC291F0047DDE8 /* Main.storyboard */; };
		879DBB741FBC291F0047DDE8 /* Assets.xcassets in Resources */ = {isa = PBXBuildFile; fileRef = 879DBB731FBC291F0047DDE8 /* Assets.xcassets */; };
		879DBB771FBC291F0047DDE8 /* LaunchScreen.storyboard in Resources */ = {isa = PBXBuildFile; fileRef = 879DBB751FBC291F0047DDE8 /* LaunchScreen.storyboard */; };
/* End PBXBuildFile section */

/* Begin PBXFileReference section */
		879DBB691FBC291F0047DDE8 /* getgit.app */ = {isa = PBXFileReference; explicitFileType = wrapper.application; includeInIndex = 0; path = getgit.app; sourceTree = BUILT_PRODUCTS_DIR; };
		879DBB6C1FBC291F0047DDE8 /* AppDelegate.swift */ = {isa = PBXFileReference; lastKnownFileType = sourcecode.swift; path = AppDelegate.swift; sourceTree = "<group>"; };
		879DBB6E1FBC291F0047DDE8 /* ViewController.swift */ = {isa = PBXFileReference; lastKnownFileType = sourcecode.swift; path = ViewController.swift; sourceTree = "<group>"; };
		879DBB711FBC291F0047DDE8 /* Base */ = {isa = PBXFileReference; lastKnownFileType = file.storyboard; name = Base; path = Base.lproj/Main.storyboard; sourceTree = "<group>"; };
		879DBB731FBC291F0047DDE8 /* Assets.xcassets */ = {isa = PBXFileReference; lastKnownFileType = folder.assetcatalog; path = Assets.xcassets; sourceTree = "<group>"; };
		879DBB761FBC291F0047DDE8 /* Base */ = {isa = PBXFileReference; lastKnownFileType = file.storyboard; name = Base; path = Base.lproj/LaunchScreen.storyboard; sourceTree = "<group>"; };
		879DBB781FBC291F0047DDE8 /* Info.plist */ = {isa = PBXFileReference; lastKnownFileType = text.plist.xml; path = Info.plist; sourceTree = "<group>"; };
/* End PBXFileReference section */

/* Begin PBXFrameworksBuildPhase section */
		879DBB661FBC291F0047DDE8 /* Frameworks */ = {
			isa = PBXFrameworksBuildPhase;
			buildActionMask = 2147483647;
			files = (
			);
			runOnlyForDeploymentPostprocessing = 0;
		};
/* End PBXFrameworksBuildPhase section */

/* Begin PBXGroup section */
		879DBB601FBC291F0047DDE8 = {
			isa = PBXGroup;
			children = (
				879DBB6B1FBC291F0047DDE8 /* getgit */,
				879DBB6A1FBC291F0047DDE8 /* Products */,
			);
			sourceTree = "<group>";
		};
		879DBB6A1FBC291F0047DDE8 /* Products */ = {
			isa = PBXGroup;
			children = (
				879DBB691FBC291F0047DDE8 /* getgit.app */,
			);
			name = Products;
			sourceTree = "<group>";
		};
		879DBB6B1FBC291F0047DDE8 /* getgit */ = {
			isa = PBXGroup;
			children = (
				879DBB6C1FBC291F0047DDE8 /* AppDelegate.swift */,
				879DBB6E1FBC291F0047DDE8 /* ViewController.swift */,
				879DBB701FBC291F0047DDE8 /* Main.storyboard */,
				879DBB731FBC291F0047DDE8 /* Assets.xcassets */,
				879DBB751FBC291F0047DDE8 /* LaunchScreen.storyboard */,
				879DBB781FBC291F0047DDE8 /* Info.plist */,
			);
			path = getgit;
			sourceTree = "<group>";
		};
/* End PBXGroup section */

/* Begin PBXNativeTarget section */
		879DBB681FBC291F0047DDE8 /* getgit */ = {
			isa = PBXNativeTarget;
			buildConfigurationList = 879DBB7B1FBC291F0047DDE8 /* Build configuration list for PBXNativeTarget "getgit" */;
			buildPhases = (
				879DBB651FBC291F0047DDE8 /* Sources */,
				879DBB661FBC291F0047DDE8 /* Frameworks */,
				879DBB671FBC291F0047DDE8 /* Resources */,
			);
			buildRules = (
			);
			dependencies = (
			);
			name = getgit;
			productName = getgit;
			productReference = 879DBB691FBC291F0047DDE8 /* getgit.app */;
			productType = "com.apple.product-type.application";
		};
/* End PBXNativeTarget section */

/* Begin PBXProject section */
		879DBB611FBC291F0047DDE8 /* Project object */ = {
			isa = PBXProject;
			attributes = {
				LastSwiftUpdateCheck = 0910;
				LastUpgradeCheck = 0910;
				ORGANIZATIONNAME = "Kefan Song";
				TargetAttributes = {
					879DBB681FBC291F0047DDE8 = {
						CreatedOnToolsVersion = 9.1;
						ProvisioningStyle = Automatic;
					};
				};
			};
			buildConfigurationList = 879DBB641FBC291F0047DDE8 /* Build configuration list for PBXProject "getgit" */;
			compatibilityVersion = "Xcode 8.0";
			developmentRegion = en;
			hasScannedForEncodings = 0;
			knownRegions = (
				en,
				Base,
			);
			mainGroup = 879DBB601FBC291F0047DDE8;
			productRefGroup = 879DBB6A1FBC291F0047DDE8 /* Products */;
			projectDirPath = "";
			projectRoot = "";
			targets = (
				879DBB681FBC291F0047DDE8 /* getgit */,
			);
		};
/* End PBXProject section */

/* Begin PBXResourcesBuildPhase section */
		879DBB671FBC291F0047DDE8 /* Resources */ = {
			isa = PBXResourcesBuildPhase;
			buildActionMask = 2147483647;
			files = (
				879DBB771FBC291F0047DDE8 /* LaunchScreen.storyboard in Resources */,
				879DBB741FBC291F0047DDE8 /* Assets.xcassets in Resources */,
				879DBB721FBC291F0047DDE8 /* Main.storyboard in Resources */,
			);
			runOnlyForDeploymentPostprocessing = 0;
		};
/* End PBXResourcesBuildPhase section */

/* Begin PBXSourcesBuildPhase section */
		879DBB651FBC291F0047DDE8 /* Sources */ = {
			isa = PBXSourcesBuildPhase;
			buildActionMask = 2147483647;
			files = (
				879DBB6F1FBC291F0047DDE8 /* ViewController.swift in Sources */,
				879DBB6D1FBC291F0047DDE8 /* AppDelegate.swift in Sources */,
			);
			runOnlyForDeploymentPostprocessing = 0;
		};
/* End PBXSourcesBuildPhase section */

/* Begin PBXVariantGroup section */
		879DBB701FBC291F0047DDE8 /* Main.storyboard */ = {
			isa = PBXVariantGroup;
			children = (
				879DBB711FBC291F0047DDE8 /* Base */,
			);
			name = Main.storyboard;
			sourceTree = "<group>";
		};
		879DBB751FBC291F0047DDE8 /* LaunchScreen.storyboard */ = {
			isa = PBXVariantGroup;
			children = (
				879DBB761FBC291F0047DDE8 /* Base */,
			);
			name = LaunchScreen.storyboard;
			sourceTree = "<group>";
		};
/* End PBXVariantGroup section */

/* Begin XCBuildConfiguration section */
		879DBB791FBC291F0047DDE8 /* Debug */ = {
			isa = XCBuildConfiguration;
			buildSettings = {
				ALWAYS_SEARCH_USER_PATHS = NO;
				CLANG_ANALYZER_NONNULL = YES;
				CLANG_ANALYZER_NUMBER_OBJECT_CONVERSION = YES_AGGRESSIVE;
				CLANG_CXX_LANGUAGE_STANDARD = "gnu++14";
				CLANG_CXX_LIBRARY = "libc++";
				CLANG_ENABLE_MODULES = YES;
				CLANG_ENABLE_OBJC_ARC = YES;
				CLANG_WARN_BLOCK_CAPTURE_AUTORELEASING = YES;
				CLANG_WARN_BOOL_CONVERSION = YES;
				CLANG_WARN_COMMA = YES;
				CLANG_WARN_CONSTANT_CONVERSION = YES;
				CLANG_WARN_DIRECT_OBJC_ISA_USAGE = YES_ERROR;
				CLANG_WARN_DOCUMENTATION_COMMENTS = YES;
				CLANG_WARN_EMPTY_BODY = YES;
				CLANG_WARN_ENUM_CONVERSION = YES;
				CLANG_WARN_INFINITE_RECURSION = YES;
				CLANG_WARN_INT_CONVERSION = YES;
				CLANG_WARN_NON_LITERAL_NULL_CONVERSION = YES;
				CLANG_WARN_OBJC_LITERAL_CONVERSION = YES;
				CLANG_WARN_OBJC_ROOT_CLASS = YES_ERROR;
				CLANG_WARN_RANGE_LOOP_ANALYSIS = YES;
				CLANG_WARN_STRICT_PROTOTYPES = YES;
				CLANG_WARN_SUSPICIOUS_MOVE = YES;
				CLANG_WARN_UNGUARDED_AVAILABILITY = YES_AGGRESSIVE;
				CLANG_WARN_UNREACHABLE_CODE = YES;
				CLANG_WARN__DUPLICATE_METHOD_MATCH = YES;
				CODE_SIGN_IDENTITY = "iPhone Developer";
				COPY_PHASE_STRIP = NO;
				DEBUG_INFORMATION_FORMAT = dwarf;
				ENABLE_STRICT_OBJC_MSGSEND = YES;
				ENABLE_TESTABILITY = YES;
				GCC_C_LANGUAGE_STANDARD = gnu11;
				GCC_DYNAMIC_NO_PIC = NO;
				GCC_NO_COMMON_BLOCKS = YES;
				GCC_OPTIMIZATION_LEVEL = 0;
				GCC_PREPROCESSOR_DEFINITIONS = (
					"DEBUG=1",
					"$(inherited)",
				);
				GCC_WARN_64_TO_32_BIT_CONVERSION = YES;
				GCC_WARN_ABOUT_RETURN_TYPE = YES_ERROR;
				GCC_WARN_UNDECLARED_SELECTOR = YES;
				GCC_WARN_UNINITIALIZED_AUTOS = YES_AGGRESSIVE;
				GCC_WARN_UNUSED_FUNCTION = YES;
				GCC_WARN_UNUSED_VARIABLE = YES;
				IPHONEOS_DEPLOYMENT_TARGET = 11.1;
				MTL_ENABLE_DEBUG_INFO = YES;
				ONLY_ACTIVE_ARCH = YES;
				SDKROOT = iphoneos;
				SWIFT_ACTIVE_COMPILATION_CONDITIONS = DEBUG;
				SWIFT_OPTIMIZATION_LEVEL = "-Onone";
			};
			name = Debug;
		};
		879DBB7A1FBC291F0047DDE8 /* Release */ = {
			isa = XCBuildConfiguration;
			buildSettings = {
				ALWAYS_SEARCH_USER_PATHS = NO;
				CLANG_ANALYZER_NONNULL = YES;
				CLANG_ANALYZER_NUMBER_OBJECT_CONVERSION = YES_AGGRESSIVE;
				CLANG_CXX_LANGUAGE_STANDARD = "gnu++14";
				CLANG_CXX_LIBRARY = "libc++";
				CLANG_ENABLE_MODULES = YES;
				CLANG_ENABLE_OBJC_ARC = YES;
				CLANG_WARN_BLOCK_CAPTURE_AUTORELEASING = YES;
				CLANG_WARN_BOOL_CONVERSION = YES;
				CLANG_WARN_COMMA = YES;
				CLANG_WARN_CONSTANT_CONVERSION = YES;
				CLANG_WARN_DIRECT_OBJC_ISA_USAGE = YES_ERROR;
				CLANG_WARN_DOCUMENTATION_COMMENTS = YES;
				CLANG_WARN_EMPTY_BODY = YES;
				CLANG_WARN_ENUM_CONVERSION = YES;
				CLANG_WARN_INFINITE_RECURSION = YES;
				CLANG_WARN_INT_CONVERSION = YES;
				CLANG_WARN_NON_LITERAL_NULL_CONVERSION = YES;
				CLANG_WARN_OBJC_LITERAL_CONVERSION = YES;
				CLANG_WARN_OBJC_ROOT_CLASS = YES_ERROR;
				CLANG_WARN_RANGE_LOOP_ANALYSIS = YES;
				CLANG_WARN_STRICT_PROTOTYPES = YES;
				CLANG_WARN_SUSPICIOUS_MOVE = YES;
				CLANG_WARN_UNGUARDED_AVAILABILITY = YES_AGGRESSIVE;
				CLANG_WARN_UNREACHABLE_CODE = YES;
				CLANG_WARN__DUPLICATE_METHOD_MATCH = YES;
				CODE_SIGN_IDENTITY = "iPhone Developer";
				COPY_PHASE_STRIP = NO;
				DEBUG_INFORMATION_FORMAT = "dwarf-with-dsym";
				ENABLE_NS_ASSERTIONS = NO;
				ENABLE_STRICT_OBJC_MSGSEND = YES;
				GCC_C_LANGUAGE_STANDARD = gnu11;
				GCC_NO_COMMON_BLOCKS = YES;
				GCC_WARN_64_TO_32_BIT_CONVERSION = YES;
				GCC_WARN_ABOUT_RETURN_TYPE = YES_ERROR;
				GCC_WARN_UNDECLARED_SELECTOR = YES;
				GCC_WARN_UNINITIALIZED_AUTOS = YES_AGGRESSIVE;
				GCC_WARN_UNUSED_FUNCTION = YES;
				GCC_WARN_UNUSED_VARIABLE = YES;
				IPHONEOS_DEPLOYMENT_TARGET = 11.1;
				MTL_ENABLE_DEBUG_INFO = NO;
				SDKROOT = iphoneos;
				SWIFT_OPTIMIZATION_LEVEL = "-Owholemodule";
				VALIDATE_PRODUCT = YES;
			};
			name = Release;
		};
		879DBB7C1FBC291F0047DDE8 /* Debug */ = {
			isa = XCBuildConfiguration;
			buildSettings = {
				ASSETCATALOG_COMPILER_APPICON_NAME = AppIcon;
				CODE_SIGN_STYLE = Automatic;
				INFOPLIST_FILE = getgit/Info.plist;
				LD_RUNPATH_SEARCH_PATHS = "$(inherited) @executable_path/Frameworks";
				PRODUCT_BUNDLE_IDENTIFIER = future.getgit;
				PRODUCT_NAME = "$(TARGET_NAME)";
				SWIFT_VERSION = 4.0;
				TARGETED_DEVICE_FAMILY = "1,2";
			};
			name = Debug;
		};
		879DBB7D1FBC291F0047DDE8 /* Release */ = {
			isa = XCBuildConfiguration;
			buildSettings = {
				ASSETCATALOG_COMPILER_APPICON_NAME = AppIcon;
				CODE_SIGN_STYLE = Automatic;
				INFOPLIST_FILE = getgit/Info.plist;
				LD_RUNPATH_SEARCH_PATHS = "$(inherited) @executable_path/Frameworks";
				PRODUCT_BUNDLE_IDENTIFIER = future.getgit;
				PRODUCT_NAME = "$(TARGET_NAME)";
				SWIFT_VERSION = 4.0;
				TARGETED_DEVICE_FAMILY = "1,2";
			};
			name = Release;
		};
/* End XCBuildConfiguration section */

/* Begin XCConfigurationList section */
		879DBB641FBC291F0047DDE8 /* Build configuration list for PBXProject "getgit" */ = {
			isa = XCConfigurationList;
			buildConfigurations = (
				879DBB791FBC291F0047DDE8 /* Debug */,
				879DBB7A1FBC291F0047DDE8 /* Release */,
			);
			defaultConfigurationIsVisible = 0;
			defaultConfigurationName = Release;
		};
		879DBB7B1FBC291F0047DDE8 /* Build configuration list for PBXNativeTarget "getgit" */ = {
			isa = XCConfigurationList;
			buildConfigurations = (
				879DBB7C1FBC291F0047DDE8 /* Debug */,
				879DBB7D1FBC291F0047DDE8 /* Release */,
			);
			defaultConfigurationIsVisible = 0;
			defaultConfigurationName = Release;
		};
/* End XCConfigurationList section */
	};
	rootObject = 879DBB611FBC291F0047DDE8 /* Project object */;
}
